// !$*UTF8*$!
{
	archiveVersion = 1;
	classes = {
	};
	objectVersion = 77;
	objects = {

/* Begin PBXContainerItemProxy section */
		B6C7AB732DD0950D009DBC94 /* PBXContainerItemProxy */ = {
			isa = PBXContainerItemProxy;
			containerPortal = B6C7AB582DD09507009DBC94 /* Project object */;
			proxyType = 1;
			remoteGlobalIDString = B6C7AB5F2DD09507009DBC94;
			remoteInfo = "PocketWords-iOS-Challenge";
		};
		B6C7AB7D2DD0950E009DBC94 /* PBXContainerItemProxy */ = {
			isa = PBXContainerItemProxy;
			containerPortal = B6C7AB582DD09507009DBC94 /* Project object */;
			proxyType = 1;
			remoteGlobalIDString = B6C7AB5F2DD09507009DBC94;
			remoteInfo = "PocketWords-iOS-Challenge";
		};
/* End PBXContainerItemProxy section */

/* Begin PBXFileReference section */
		B6C7AB602DD09507009DBC94 /* PocketWords-iOS-Challenge.app */ = {isa = PBXFileReference; explicitFileType = wrapper.application; includeInIndex = 0; path = "PocketWords-iOS-Challenge.app"; sourceTree = BUILT_PRODUCTS_DIR; };
		B6C7AB722DD0950D009DBC94 /* PocketWords-iOS-ChallengeTests.xctest */ = {isa = PBXFileReference; explicitFileType = wrapper.cfbundle; includeInIndex = 0; path = "PocketWords-iOS-ChallengeTests.xctest"; sourceTree = BUILT_PRODUCTS_DIR; };
		B6C7AB7C2DD0950E009DBC94 /* PocketWords-iOS-ChallengeUITests.xctest */ = {isa = PBXFileReference; explicitFileType = wrapper.cfbundle; includeInIndex = 0; path = "PocketWords-iOS-ChallengeUITests.xctest"; sourceTree = BUILT_PRODUCTS_DIR; };
/* End PBXFileReference section */

/* Begin PBXFileSystemSynchronizedRootGroup section */
		B6C7AB622DD09507009DBC94 /* PocketWords-iOS-Challenge */ = {
			isa = PBXFileSystemSynchronizedRootGroup;
			path = "PocketWords-iOS-Challenge";
			sourceTree = "<group>";
		};
		B6C7AB752DD0950E009DBC94 /* PocketWords-iOS-ChallengeTests */ = {
			isa = PBXFileSystemSynchronizedRootGroup;
			path = "PocketWords-iOS-ChallengeTests";
			sourceTree = "<group>";
		};
		B6C7AB7F2DD0950E009DBC94 /* PocketWords-iOS-ChallengeUITests */ = {
			isa = PBXFileSystemSynchronizedRootGroup;
			path = "PocketWords-iOS-ChallengeUITests";
			sourceTree = "<group>";
		};
/* End PBXFileSystemSynchronizedRootGroup section */

/* Begin PBXFrameworksBuildPhase section */
		B6C7AB5D2DD09507009DBC94 /* Frameworks */ = {
			isa = PBXFrameworksBuildPhase;
			buildActionMask = 2147483647;
			files = (
			);
			runOnlyForDeploymentPostprocessing = 0;
		};
		B6C7AB6F2DD0950D009DBC94 /* Frameworks */ = {
			isa = PBXFrameworksBuildPhase;
			buildActionMask = 2147483647;
			files = (
			);
			runOnlyForDeploymentPostprocessing = 0;
		};
		B6C7AB792DD0950E009DBC94 /* Frameworks */ = {
			isa = PBXFrameworksBuildPhase;
			buildActionMask = 2147483647;
			files = (
			);
			runOnlyForDeploymentPostprocessing = 0;
		};
/* End PBXFrameworksBuildPhase section */

/* Begin PBXGroup section */
		B6C7AB572DD09507009DBC94 = {
			isa = PBXGroup;
			children = (
				B6C7AB622DD09507009DBC94 /* PocketWords-iOS-Challenge */,
				B6C7AB752DD0950E009DBC94 /* PocketWords-iOS-ChallengeTests */,
				B6C7AB7F2DD0950E009DBC94 /* PocketWords-iOS-ChallengeUITests */,
				B6C7AB612DD09507009DBC94 /* Products */,
			);
			sourceTree = "<group>";
		};
		B6C7AB612DD09507009DBC94 /* Products */ = {
			isa = PBXGroup;
			children = (
				B6C7AB602DD09507009DBC94 /* PocketWords-iOS-Challenge.app */,
				B6C7AB722DD0950D009DBC94 /* PocketWords-iOS-ChallengeTests.xctest */,
				B6C7AB7C2DD0950E009DBC94 /* PocketWords-iOS-ChallengeUITests.xctest */,
			);
			name = Products;
			sourceTree = "<group>";
		};
/* End PBXGroup section */

/* Begin PBXNativeTarget section */
		B6C7AB5F2DD09507009DBC94 /* PocketWords-iOS-Challenge */ = {
			isa = PBXNativeTarget;
			buildConfigurationList = B6C7AB862DD0950E009DBC94 /* Build configuration list for PBXNativeTarget "PocketWords-iOS-Challenge" */;
			buildPhases = (
				B6C7AB5C2DD09507009DBC94 /* Sources */,
				B6C7AB5D2DD09507009DBC94 /* Frameworks */,
				B6C7AB5E2DD09507009DBC94 /* Resources */,
			);
			buildRules = (
			);
			dependencies = (
			);
			fileSystemSynchronizedGroups = (
				B6C7AB622DD09507009DBC94 /* PocketWords-iOS-Challenge */,
			);
			name = "PocketWords-iOS-Challenge";
			packageProductDependencies = (
			);
			productName = "PocketWords-iOS-Challenge";
			productReference = B6C7AB602DD09507009DBC94 /* PocketWords-iOS-Challenge.app */;
			productType = "com.apple.product-type.application";
		};
		B6C7AB712DD0950D009DBC94 /* PocketWords-iOS-ChallengeTests */ = {
			isa = PBXNativeTarget;
			buildConfigurationList = B6C7AB892DD0950E009DBC94 /* Build configuration list for PBXNativeTarget "PocketWords-iOS-ChallengeTests" */;
			buildPhases = (
				B6C7AB6E2DD0950D009DBC94 /* Sources */,
				B6C7AB6F2DD0950D009DBC94 /* Frameworks */,
				B6C7AB702DD0950D009DBC94 /* Resources */,
			);
			buildRules = (
			);
			dependencies = (
				B6C7AB742DD0950D009DBC94 /* PBXTargetDependency */,
			);
			fileSystemSynchronizedGroups = (
				B6C7AB752DD0950E009DBC94 /* PocketWords-iOS-ChallengeTests */,
			);
			name = "PocketWords-iOS-ChallengeTests";
			packageProductDependencies = (
			);
			productName = "PocketWords-iOS-ChallengeTests";
			productReference = B6C7AB722DD0950D009DBC94 /* PocketWords-iOS-ChallengeTests.xctest */;
			productType = "com.apple.product-type.bundle.unit-test";
		};
		B6C7AB7B2DD0950E009DBC94 /* PocketWords-iOS-ChallengeUITests */ = {
			isa = PBXNativeTarget;
			buildConfigurationList = B6C7AB8C2DD0950E009DBC94 /* Build configuration list for PBXNativeTarget "PocketWords-iOS-ChallengeUITests" */;
			buildPhases = (
				B6C7AB782DD0950E009DBC94 /* Sources */,
				B6C7AB792DD0950E009DBC94 /* Frameworks */,
				B6C7AB7A2DD0950E009DBC94 /* Resources */,
			);
			buildRules = (
			);
			dependencies = (
				B6C7AB7E2DD0950E009DBC94 /* PBXTargetDependency */,
			);
			fileSystemSynchronizedGroups = (
				B6C7AB7F2DD0950E009DBC94 /* PocketWords-iOS-ChallengeUITests */,
			);
			name = "PocketWords-iOS-ChallengeUITests";
			packageProductDependencies = (
			);
			productName = "PocketWords-iOS-ChallengeUITests";
			productReference = B6C7AB7C2DD0950E009DBC94 /* PocketWords-iOS-ChallengeUITests.xctest */;
			productType = "com.apple.product-type.bundle.ui-testing";
		};
/* End PBXNativeTarget section */

/* Begin PBXProject section */
		B6C7AB582DD09507009DBC94 /* Project object */ = {
			isa = PBXProject;
			attributes = {
				BuildIndependentTargetsInParallel = 1;
				LastSwiftUpdateCheck = 1620;
				LastUpgradeCheck = 1620;
				TargetAttributes = {
					B6C7AB5F2DD09507009DBC94 = {
						CreatedOnToolsVersion = 16.2;
					};
					B6C7AB712DD0950D009DBC94 = {
						CreatedOnToolsVersion = 16.2;
						TestTargetID = B6C7AB5F2DD09507009DBC94;
					};
					B6C7AB7B2DD0950E009DBC94 = {
						CreatedOnToolsVersion = 16.2;
						TestTargetID = B6C7AB5F2DD09507009DBC94;
					};
				};
			};
			buildConfigurationList = B6C7AB5B2DD09507009DBC94 /* Build configuration list for PBXProject "PocketWords-iOS-Challenge" */;
			developmentRegion = en;
			hasScannedForEncodings = 0;
			knownRegions = (
				en,
				Base,
			);
			mainGroup = B6C7AB572DD09507009DBC94;
			minimizedProjectReferenceProxies = 1;
			preferredProjectObjectVersion = 77;
			productRefGroup = B6C7AB612DD09507009DBC94 /* Products */;
			projectDirPath = "";
			projectRoot = "";
			targets = (
				B6C7AB5F2DD09507009DBC94 /* PocketWords-iOS-Challenge */,
				B6C7AB712DD0950D009DBC94 /* PocketWords-iOS-ChallengeTests */,
				B6C7AB7B2DD0950E009DBC94 /* PocketWords-iOS-ChallengeUITests */,
			);
		};
/* End PBXProject section */

/* Begin PBXResourcesBuildPhase section */
		B6C7AB5E2DD09507009DBC94 /* Resources */ = {
			isa = PBXResourcesBuildPhase;
			buildActionMask = 2147483647;
			files = (
			);
			runOnlyForDeploymentPostprocessing = 0;
		};
		B6C7AB702DD0950D009DBC94 /* Resources */ = {
			isa = PBXResourcesBuildPhase;
			buildActionMask = 2147483647;
			files = (
			);
			runOnlyForDeploymentPostprocessing = 0;
		};
		B6C7AB7A2DD0950E009DBC94 /* Resources */ = {
			isa = PBXResourcesBuildPhase;
			buildActionMask = 2147483647;
			files = (
			);
			runOnlyForDeploymentPostprocessing = 0;
		};
/* End PBXResourcesBuildPhase section */

/* Begin PBXSourcesBuildPhase section */
		B6C7AB5C2DD09507009DBC94 /* Sources */ = {
			isa = PBXSourcesBuildPhase;
			buildActionMask = 2147483647;
			files = (
			);
			runOnlyForDeploymentPostprocessing = 0;
		};
		B6C7AB6E2DD0950D009DBC94 /* Sources */ = {
			isa = PBXSourcesBuildPhase;
			buildActionMask = 2147483647;
			files = (
			);
			runOnlyForDeploymentPostprocessing = 0;
		};
		B6C7AB782DD0950E009DBC94 /* Sources */ = {
			isa = PBXSourcesBuildPhase;
			buildActionMask = 2147483647;
			files = (
			);
			runOnlyForDeploymentPostprocessing = 0;
		};
/* End PBXSourcesBuildPhase section */

/* Begin PBXTargetDependency section */
		B6C7AB742DD0950D009DBC94 /* PBXTargetDependency */ = {
			isa = PBXTargetDependency;
			target = B6C7AB5F2DD09507009DBC94 /* PocketWords-iOS-Challenge */;
			targetProxy = B6C7AB732DD0950D009DBC94 /* PBXContainerItemProxy */;
		};
		B6C7AB7E2DD0950E009DBC94 /* PBXTargetDependency */ = {
			isa = PBXTargetDependency;
			target = B6C7AB5F2DD09507009DBC94 /* PocketWords-iOS-Challenge */;
			targetProxy = B6C7AB7D2DD0950E009DBC94 /* PBXContainerItemProxy */;
		};
/* End PBXTargetDependency section */

/* Begin XCBuildConfiguration section */
		B6C7AB842DD0950E009DBC94 /* Debug */ = {
			isa = XCBuildConfiguration;
			buildSettings = {
				ALWAYS_SEARCH_USER_PATHS = NO;
				ASSETCATALOG_COMPILER_GENERATE_SWIFT_ASSET_SYMBOL_EXTENSIONS = YES;
				CLANG_ANALYZER_NONNULL = YES;
				CLANG_ANALYZER_NUMBER_OBJECT_CONVERSION = YES_AGGRESSIVE;
				CLANG_CXX_LANGUAGE_STANDARD = "gnu++20";
				CLANG_ENABLE_MODULES = YES;
				CLANG_ENABLE_OBJC_ARC = YES;
				CLANG_ENABLE_OBJC_WEAK = YES;
				CLANG_WARN_BLOCK_CAPTURE_AUTORELEASING = YES;
				CLANG_WARN_BOOL_CONVERSION = YES;
				CLANG_WARN_COMMA = YES;
				CLANG_WARN_CONSTANT_CONVERSION = YES;
				CLANG_WARN_DEPRECATED_OBJC_IMPLEMENTATIONS = YES;
				CLANG_WARN_DIRECT_OBJC_ISA_USAGE = YES_ERROR;
				CLANG_WARN_DOCUMENTATION_COMMENTS = YES;
				CLANG_WARN_EMPTY_BODY = YES;
				CLANG_WARN_ENUM_CONVERSION = YES;
				CLANG_WARN_INFINITE_RECURSION = YES;
				CLANG_WARN_INT_CONVERSION = YES;
				CLANG_WARN_NON_LITERAL_NULL_CONVERSION = YES;
				CLANG_WARN_OBJC_IMPLICIT_RETAIN_SELF = YES;
				CLANG_WARN_OBJC_LITERAL_CONVERSION = YES;
				CLANG_WARN_OBJC_ROOT_CLASS = YES_ERROR;
				CLANG_WARN_QUOTED_INCLUDE_IN_FRAMEWORK_HEADER = YES;
				CLANG_WARN_RANGE_LOOP_ANALYSIS = YES;
				CLANG_WARN_STRICT_PROTOTYPES = YES;
				CLANG_WARN_SUSPICIOUS_MOVE = YES;
				CLANG_WARN_UNGUARDED_AVAILABILITY = YES_AGGRESSIVE;
				CLANG_WARN_UNREACHABLE_CODE = YES;
				CLANG_WARN__DUPLICATE_METHOD_MATCH = YES;
				COPY_PHASE_STRIP = NO;
				DEBUG_INFORMATION_FORMAT = dwarf;
				ENABLE_STRICT_OBJC_MSGSEND = YES;
				ENABLE_TESTABILITY = YES;
				ENABLE_USER_SCRIPT_SANDBOXING = YES;
				GCC_C_LANGUAGE_STANDARD = gnu17;
				GCC_DYNAMIC_NO_PIC = NO;
				GCC_NO_COMMON_BLOCKS = YES;
				GCC_OPTIMIZATION_LEVEL = 0;
				GCC_PREPROCESSOR_DEFINITIONS = (
					"DEBUG=1",
					"$(inherited)",
				);
				GCC_WARN_64_TO_32_BIT_CONVERSION = YES;
				GCC_WARN_ABOUT_RETURN_TYPE = YES_ERROR;
				GCC_WARN_UNDECLARED_SELECTOR = YES;
				GCC_WARN_UNINITIALIZED_AUTOS = YES_AGGRESSIVE;
				GCC_WARN_UNUSED_FUNCTION = YES;
				GCC_WARN_UNUSED_VARIABLE = YES;
				IPHONEOS_DEPLOYMENT_TARGET = 18.2;
				LOCALIZATION_PREFERS_STRING_CATALOGS = YES;
				MTL_ENABLE_DEBUG_INFO = INCLUDE_SOURCE;
				MTL_FAST_MATH = YES;
				ONLY_ACTIVE_ARCH = YES;
				SDKROOT = iphoneos;
				SWIFT_ACTIVE_COMPILATION_CONDITIONS = "DEBUG $(inherited)";
				SWIFT_OPTIMIZATION_LEVEL = "-Onone";
			};
			name = Debug;
		};
		B6C7AB852DD0950E009DBC94 /* Release */ = {
			isa = XCBuildConfiguration;
			buildSettings = {
				ALWAYS_SEARCH_USER_PATHS = NO;
				ASSETCATALOG_COMPILER_GENERATE_SWIFT_ASSET_SYMBOL_EXTENSIONS = YES;
				CLANG_ANALYZER_NONNULL = YES;
				CLANG_ANALYZER_NUMBER_OBJECT_CONVERSION = YES_AGGRESSIVE;
				CLANG_CXX_LANGUAGE_STANDARD = "gnu++20";
				CLANG_ENABLE_MODULES = YES;
				CLANG_ENABLE_OBJC_ARC = YES;
				CLANG_ENABLE_OBJC_WEAK = YES;
				CLANG_WARN_BLOCK_CAPTURE_AUTORELEASING = YES;
				CLANG_WARN_BOOL_CONVERSION = YES;
				CLANG_WARN_COMMA = YES;
				CLANG_WARN_CONSTANT_CONVERSION = YES;
				CLANG_WARN_DEPRECATED_OBJC_IMPLEMENTATIONS = YES;
				CLANG_WARN_DIRECT_OBJC_ISA_USAGE = YES_ERROR;
				CLANG_WARN_DOCUMENTATION_COMMENTS = YES;
				CLANG_WARN_EMPTY_BODY = YES;
				CLANG_WARN_ENUM_CONVERSION = YES;
				CLANG_WARN_INFINITE_RECURSION = YES;
				CLANG_WARN_INT_CONVERSION = YES;
				CLANG_WARN_NON_LITERAL_NULL_CONVERSION = YES;
				CLANG_WARN_OBJC_IMPLICIT_RETAIN_SELF = YES;
				CLANG_WARN_OBJC_LITERAL_CONVERSION = YES;
				CLANG_WARN_OBJC_ROOT_CLASS = YES_ERROR;
				CLANG_WARN_QUOTED_INCLUDE_IN_FRAMEWORK_HEADER = YES;
				CLANG_WARN_RANGE_LOOP_ANALYSIS = YES;
				CLANG_WARN_STRICT_PROTOTYPES = YES;
				CLANG_WARN_SUSPICIOUS_MOVE = YES;
				CLANG_WARN_UNGUARDED_AVAILABILITY = YES_AGGRESSIVE;
				CLANG_WARN_UNREACHABLE_CODE = YES;
				CLANG_WARN__DUPLICATE_METHOD_MATCH = YES;
				COPY_PHASE_STRIP = NO;
				DEBUG_INFORMATION_FORMAT = "dwarf-with-dsym";
				ENABLE_NS_ASSERTIONS = NO;
				ENABLE_STRICT_OBJC_MSGSEND = YES;
				ENABLE_USER_SCRIPT_SANDBOXING = YES;
				GCC_C_LANGUAGE_STANDARD = gnu17;
				GCC_NO_COMMON_BLOCKS = YES;
				GCC_WARN_64_TO_32_BIT_CONVERSION = YES;
				GCC_WARN_ABOUT_RETURN_TYPE = YES_ERROR;
				GCC_WARN_UNDECLARED_SELECTOR = YES;
				GCC_WARN_UNINITIALIZED_AUTOS = YES_AGGRESSIVE;
				GCC_WARN_UNUSED_FUNCTION = YES;
				GCC_WARN_UNUSED_VARIABLE = YES;
				IPHONEOS_DEPLOYMENT_TARGET = 18.2;
				LOCALIZATION_PREFERS_STRING_CATALOGS = YES;
				MTL_ENABLE_DEBUG_INFO = NO;
				MTL_FAST_MATH = YES;
				SDKROOT = iphoneos;
				SWIFT_COMPILATION_MODE = wholemodule;
				VALIDATE_PRODUCT = YES;
			};
			name = Release;
		};
		B6C7AB872DD0950E009DBC94 /* Debug */ = {
			isa = XCBuildConfiguration;
			buildSettings = {
				ASSETCATALOG_COMPILER_APPICON_NAME = AppIcon;
				ASSETCATALOG_COMPILER_GLOBAL_ACCENT_COLOR_NAME = AccentColor;
				CODE_SIGN_STYLE = Automatic;
				CURRENT_PROJECT_VERSION = 1;
				DEVELOPMENT_ASSET_PATHS = "\"PocketWords-iOS-Challenge/Preview Content\"";
				DEVELOPMENT_TEAM = 4945R7GGN6;
				ENABLE_PREVIEWS = YES;
				GENERATE_INFOPLIST_FILE = YES;
				INFOPLIST_KEY_UIApplicationSceneManifest_Generation = YES;
				INFOPLIST_KEY_UIApplicationSupportsIndirectInputEvents = YES;
				INFOPLIST_KEY_UILaunchScreen_Generation = YES;
				INFOPLIST_KEY_UISupportedInterfaceOrientations_iPad = "UIInterfaceOrientationPortrait UIInterfaceOrientationPortraitUpsideDown UIInterfaceOrientationLandscapeLeft UIInterfaceOrientationLandscapeRight";
				INFOPLIST_KEY_UISupportedInterfaceOrientations_iPhone = "UIInterfaceOrientationPortrait UIInterfaceOrientationLandscapeLeft UIInterfaceOrientationLandscapeRight";
				LD_RUNPATH_SEARCH_PATHS = (
					"$(inherited)",
					"@executable_path/Frameworks",
				);
				MARKETING_VERSION = 1.0;
				PRODUCT_BUNDLE_IDENTIFIER = "com.PocketWords.iOS.Challenge.app.PocketWords-iOS-Challenge";
				PRODUCT_NAME = "$(TARGET_NAME)";
				SWIFT_EMIT_LOC_STRINGS = YES;
				SWIFT_VERSION = 5.0;
				TARGETED_DEVICE_FAMILY = "1,2";
			};
			name = Debug;
		};
		B6C7AB882DD0950E009DBC94 /* Release */ = {
			isa = XCBuildConfiguration;
			buildSettings = {
				ASSETCATALOG_COMPILER_APPICON_NAME = AppIcon;
				ASSETCATALOG_COMPILER_GLOBAL_ACCENT_COLOR_NAME = AccentColor;
				CODE_SIGN_STYLE = Automatic;
				CURRENT_PROJECT_VERSION = 1;
				DEVELOPMENT_ASSET_PATHS = "\"PocketWords-iOS-Challenge/Preview Content\"";
				DEVELOPMENT_TEAM = 4945R7GGN6;
				ENABLE_PREVIEWS = YES;
				GENERATE_INFOPLIST_FILE = YES;
				INFOPLIST_KEY_UIApplicationSceneManifest_Generation = YES;
				INFOPLIST_KEY_UIApplicationSupportsIndirectInputEvents = YES;
				INFOPLIST_KEY_UILaunchScreen_Generation = YES;
				INFOPLIST_KEY_UISupportedInterfaceOrientations_iPad = "UIInterfaceOrientationPortrait UIInterfaceOrientationPortraitUpsideDown UIInterfaceOrientationLandscapeLeft UIInterfaceOrientationLandscapeRight";
				INFOPLIST_KEY_UISupportedInterfaceOrientations_iPhone = "UIInterfaceOrientationPortrait UIInterfaceOrientationLandscapeLeft UIInterfaceOrientationLandscapeRight";
				LD_RUNPATH_SEARCH_PATHS = (
					"$(inherited)",
					"@executable_path/Frameworks",
				);
				MARKETING_VERSION = 1.0;
				PRODUCT_BUNDLE_IDENTIFIER = "com.PocketWords.iOS.Challenge.app.PocketWords-iOS-Challenge";
				PRODUCT_NAME = "$(TARGET_NAME)";
				SWIFT_EMIT_LOC_STRINGS = YES;
				SWIFT_VERSION = 5.0;
				TARGETED_DEVICE_FAMILY = "1,2";
			};
			name = Release;
		};
		B6C7AB8A2DD0950E009DBC94 /* Debug */ = {
			isa = XCBuildConfiguration;
			buildSettings = {
				BUNDLE_LOADER = "$(TEST_HOST)";
				CODE_SIGN_STYLE = Automatic;
				CURRENT_PROJECT_VERSION = 1;
				DEVELOPMENT_TEAM = 4945R7GGN6;
				GENERATE_INFOPLIST_FILE = YES;
				IPHONEOS_DEPLOYMENT_TARGET = 18.2;
				MARKETING_VERSION = 1.0;
				PRODUCT_BUNDLE_IDENTIFIER = "com.PocketWords.iOS.Challenge.app.PocketWords-iOS-ChallengeTests";
				PRODUCT_NAME = "$(TARGET_NAME)";
				SWIFT_EMIT_LOC_STRINGS = NO;
				SWIFT_VERSION = 5.0;
				TARGETED_DEVICE_FAMILY = "1,2";
				TEST_HOST = "$(BUILT_PRODUCTS_DIR)/PocketWords-iOS-Challenge.app/$(BUNDLE_EXECUTABLE_FOLDER_PATH)/PocketWords-iOS-Challenge";
			};
			name = Debug;
		};
		B6C7AB8B2DD0950E009DBC94 /* Release */ = {
			isa = XCBuildConfiguration;
			buildSettings = {
				BUNDLE_LOADER = "$(TEST_HOST)";
				CODE_SIGN_STYLE = Automatic;
				CURRENT_PROJECT_VERSION = 1;
				DEVELOPMENT_TEAM = 4945R7GGN6;
				GENERATE_INFOPLIST_FILE = YES;
				IPHONEOS_DEPLOYMENT_TARGET = 18.2;
				MARKETING_VERSION = 1.0;
				PRODUCT_BUNDLE_IDENTIFIER = "com.PocketWords.iOS.Challenge.app.PocketWords-iOS-ChallengeTests";
				PRODUCT_NAME = "$(TARGET_NAME)";
				SWIFT_EMIT_LOC_STRINGS = NO;
				SWIFT_VERSION = 5.0;
				TARGETED_DEVICE_FAMILY = "1,2";
				TEST_HOST = "$(BUILT_PRODUCTS_DIR)/PocketWords-iOS-Challenge.app/$(BUNDLE_EXECUTABLE_FOLDER_PATH)/PocketWords-iOS-Challenge";
			};
			name = Release;
		};
		B6C7AB8D2DD0950E009DBC94 /* Debug */ = {
			isa = XCBuildConfiguration;
			buildSettings = {
				CODE_SIGN_STYLE = Automatic;
				CURRENT_PROJECT_VERSION = 1;
				DEVELOPMENT_TEAM = 4945R7GGN6;
				GENERATE_INFOPLIST_FILE = YES;
				MARKETING_VERSION = 1.0;
				PRODUCT_BUNDLE_IDENTIFIER = "com.PocketWords.iOS.Challenge.app.PocketWords-iOS-ChallengeUITests";
				PRODUCT_NAME = "$(TARGET_NAME)";
				SWIFT_EMIT_LOC_STRINGS = NO;
				SWIFT_VERSION = 5.0;
				TARGETED_DEVICE_FAMILY = "1,2";
				TEST_TARGET_NAME = "PocketWords-iOS-Challenge";
			};
			name = Debug;
		};
		B6C7AB8E2DD0950E009DBC94 /* Release */ = {
			isa = XCBuildConfiguration;
			buildSettings = {
				CODE_SIGN_STYLE = Automatic;
				CURRENT_PROJECT_VERSION = 1;
				DEVELOPMENT_TEAM = 4945R7GGN6;
				GENERATE_INFOPLIST_FILE = YES;
				MARKETING_VERSION = 1.0;
				PRODUCT_BUNDLE_IDENTIFIER = "com.PocketWords.iOS.Challenge.app.PocketWords-iOS-ChallengeUITests";
				PRODUCT_NAME = "$(TARGET_NAME)";
				SWIFT_EMIT_LOC_STRINGS = NO;
				SWIFT_VERSION = 5.0;
				TARGETED_DEVICE_FAMILY = "1,2";
				TEST_TARGET_NAME = "PocketWords-iOS-Challenge";
			};
			name = Release;
		};
/* End XCBuildConfiguration section */

/* Begin XCConfigurationList section */
		B6C7AB5B2DD09507009DBC94 /* Build configuration list for PBXProject "PocketWords-iOS-Challenge" */ = {
			isa = XCConfigurationList;
			buildConfigurations = (
				B6C7AB842DD0950E009DBC94 /* Debug */,
				B6C7AB852DD0950E009DBC94 /* Release */,
			);
			defaultConfigurationIsVisible = 0;
			defaultConfigurationName = Release;
		};
		B6C7AB862DD0950E009DBC94 /* Build configuration list for PBXNativeTarget "PocketWords-iOS-Challenge" */ = {
			isa = XCConfigurationList;
			buildConfigurations = (
				B6C7AB872DD0950E009DBC94 /* Debug */,
				B6C7AB882DD0950E009DBC94 /* Release */,
			);
			defaultConfigurationIsVisible = 0;
			defaultConfigurationName = Release;
		};
		B6C7AB892DD0950E009DBC94 /* Build configuration list for PBXNativeTarget "PocketWords-iOS-ChallengeTests" */ = {
			isa = XCConfigurationList;
			buildConfigurations = (
				B6C7AB8A2DD0950E009DBC94 /* Debug */,
				B6C7AB8B2DD0950E009DBC94 /* Release */,
			);
			defaultConfigurationIsVisible = 0;
			defaultConfigurationName = Release;
		};
		B6C7AB8C2DD0950E009DBC94 /* Build configuration list for PBXNativeTarget "PocketWords-iOS-ChallengeUITests" */ = {
			isa = XCConfigurationList;
			buildConfigurations = (
				B6C7AB8D2DD0950E009DBC94 /* Debug */,
				B6C7AB8E2DD0950E009DBC94 /* Release */,
			);
			defaultConfigurationIsVisible = 0;
			defaultConfigurationName = Release;
		};
/* End XCConfigurationList section */
	};
	rootObject = B6C7AB582DD09507009DBC94 /* Project object */;
}
